<Solution>
  <Project Path="src/ModularMonolith.Contracts/ModularMonolith.Contracts.csproj" />
  <Project Path="src/ModularMonolith.Linux/ModularMonolith.Linux.csproj" />
  <Project Path="src/ModularMonolith.Host/ModularMonolith.Host.csproj" />
  <Project Path="src/ModularMonolith.Worker.Sales/ModularMonolith.Worker.Sales.csproj" />
  <Project Path="src/ModularMonolith.Worker.Inventory/ModularMonolith.Worker.Inventory.csproj" />
  <Project Path="tests/ModularMonolith.Tests/ModularMonolith.Tests.csproj" />
</Solution>
